dependencies:
  espressif__esp-dsp:
    component_hash: null
    source:
      path: C:\Users\samle\Desktop\capstone\singleCell_espidf\components\espressif__esp-dsp
      type: local
    version: 1.4.12
  idf:
    component_hash: null
    source:
      type: idf
    version: 4.4.7
  lvgl__lvgl:
    component_hash: null
    source:
      path: C:\Users\samle\Desktop\capstone\singleCell_espidf\components\lvgl__lvgl
      type: local
    version: 7.11.0
  lvgl__lvgl_esp32_drivers:
    component_hash: null
    source:
      path: C:\Users\samle\Desktop\capstone\singleCell_espidf\components\lvgl__lvgl_esp32_drivers
      type: local
    version: 0.0.3
manifest_hash: 0e695c7e688638a6cd335c2b668e9f63731021b5c2a1e8b7fecab38c2e3ddcc9
target: esp32c3
version: 1.0.0
