dependencies:
  espressif/esp-dsp:
    component_hash: 3e7bbd487f1357a1d4944d0c85966d049501ea281b8a4c7f93f7cfedd5b7f23d
    source:
      service_url: https://api.components.espressif.com/
      type: service
    version: 1.4.12
  idf:
    component_hash: null
    source:
      type: idf
    version: 5.2.1
  lvgl/lvgl:
    component_hash: 2a8f619b5c2b1c7ad116c33d43dae8989c76739068f406a7e8ba9221e1085f17
    source:
      service_url: https://api.components.espressif.com/
      type: service
    version: 9.1.0
manifest_hash: 9be99a25a657b32829e2d2a4cf0b2357dd3c04dcdeaf31ed4ef8d2f00bc1babc
target: esp32c3
version: 1.0.0
