dependencies:
  espressif/esp-dsp:
    component_hash: 3e7bbd487f1357a1d4944d0c85966d049501ea281b8a4c7f93f7cfedd5b7f23d
    source:
      service_url: https://api.components.espressif.com/
      type: service
    version: 1.4.12
  idf:
    component_hash: null
    source:
      type: idf
    version: 4.4.7
  lvgl/lvgl:
    component_hash: 77ce3a05acc0f9709986d61ab2655f6e15c5803f8866aa7fe94a6cfeee6c0cd1
    source:
      service_url: https://api.components.espressif.com/
      type: service
    version: 7.11.0
  lvgl__lvgl_esp32_drivers:
    component_hash: null
    source:
      path: C:\Users\Sam\Desktop\capstone\singleCell_espidf\components\lvgl__lvgl_esp32_drivers
      type: local
    version: 0.0.3
manifest_hash: ca222f0d885204989d480084bf97aaefd7d6725bc9549b08f52fabcaa0061bbb
target: esp32c3
version: 1.0.0
